// !$*UTF8*$!
{
	archiveVersion = 1;
	classes = {
	};
	objectVersion = 55;
	objects = {

/* Begin PBXBuildFile section */
		447894172742D42A003F4E17 /* Event.h in Headers */ = {isa = PBXBuildFile; fileRef = 447894162742D42A003F4E17 /* Event.h */; settings = {ATTRIBUTES = (Public, ); }; };
		44DF98C7274073A5008BBD74 /* Application.cpp in Sources */ = {isa = PBXBuildFile; fileRef = 44DF98C5274073A5008BBD74 /* Application.cpp */; };
		44DF98C8274073A5008BBD74 /* Application.h in Headers */ = {isa = PBXBuildFile; fileRef = 44DF98C6274073A5008BBD74 /* Application.h */; settings = {ATTRIBUTES = (Public, ); }; };
		44DF98CA274077E8008BBD74 /* Engine.h in Headers */ = {isa = PBXBuildFile; fileRef = 44DF98C9274077E8008BBD74 /* Engine.h */; settings = {ATTRIBUTES = (Public, ); }; };
		44DF98CD27407EB8008BBD74 /* EntryPoint.h in Headers */ = {isa = PBXBuildFile; fileRef = 44DF98CB27407CE1008BBD74 /* EntryPoint.h */; settings = {ATTRIBUTES = (Public, ); }; };
		44DF98D0274087F7008BBD74 /* Log.cpp in Sources */ = {isa = PBXBuildFile; fileRef = 44DF98CE274087F7008BBD74 /* Log.cpp */; };
		44DF98D1274087F7008BBD74 /* Log.h in Headers */ = {isa = PBXBuildFile; fileRef = 44DF98CF274087F7008BBD74 /* Log.h */; settings = {ATTRIBUTES = (Public, ); }; };
/* End PBXBuildFile section */

/* Begin PBXFileReference section */
		447894162742D42A003F4E17 /* Event.h */ = {isa = PBXFileReference; lastKnownFileType = sourcecode.c.h; name = Event.h; path = ../../../../Engine/src/Engine/Events/Event.h; sourceTree = "<group>"; };
		4478941A2742E7C8003F4E17 /* ApplicationEvent.h */ = {isa = PBXFileReference; lastKnownFileType = sourcecode.c.h; name = ApplicationEvent.h; path = ../../../../Engine/src/Engine/Events/ApplicationEvent.h; sourceTree = "<group>"; };
		4478941B2742F8D5003F4E17 /* KeyEvent.h */ = {isa = PBXFileReference; lastKnownFileType = sourcecode.c.h; name = KeyEvent.h; path = ../../../../Engine/src/Engine/Events/KeyEvent.h; sourceTree = "<group>"; };
		4495DEEB274029C600B1ABF0 /* libEngine.dylib */ = {isa = PBXFileReference; explicitFileType = "compiled.mach-o.dylib"; includeInIndex = 0; path = libEngine.dylib; sourceTree = BUILT_PRODUCTS_DIR; };
		44DF98C5274073A5008BBD74 /* Application.cpp */ = {isa = PBXFileReference; lastKnownFileType = sourcecode.cpp.cpp; path = Application.cpp; sourceTree = "<group>"; };
		44DF98C6274073A5008BBD74 /* Application.h */ = {isa = PBXFileReference; lastKnownFileType = sourcecode.c.h; path = Application.h; sourceTree = "<group>"; };
		44DF98C9274077E8008BBD74 /* Engine.h */ = {isa = PBXFileReference; lastKnownFileType = sourcecode.c.h; path = Engine.h; sourceTree = "<group>"; };
		44DF98CB27407CE1008BBD74 /* EntryPoint.h */ = {isa = PBXFileReference; lastKnownFileType = sourcecode.c.h; path = EntryPoint.h; sourceTree = "<group>"; };
		44DF98CE274087F7008BBD74 /* Log.cpp */ = {isa = PBXFileReference; lastKnownFileType = sourcecode.cpp.cpp; path = Log.cpp; sourceTree = "<group>"; };
		44DF98CF274087F7008BBD74 /* Log.h */ = {isa = PBXFileReference; lastKnownFileType = sourcecode.c.h; path = Log.h; sourceTree = "<group>"; };
/* End PBXFileReference section */

/* Begin PBXFrameworksBuildPhase section */
		4495DEE9274029C600B1ABF0 /* Frameworks */ = {
			isa = PBXFrameworksBuildPhase;
			buildActionMask = 2147483647;
			files = (
			);
			runOnlyForDeploymentPostprocessing = 0;
		};
/* End PBXFrameworksBuildPhase section */

/* Begin PBXGroup section */
		447894152742D419003F4E17 /* Events */ = {
			isa = PBXGroup;
			children = (
				447894162742D42A003F4E17 /* Event.h */,
				4478941A2742E7C8003F4E17 /* ApplicationEvent.h */,
				4478941B2742F8D5003F4E17 /* KeyEvent.h */,
			);
			path = Events;
			sourceTree = "<group>";
		};
		4495DEE2274029C600B1ABF0 = {
			isa = PBXGroup;
			children = (
				44DF98BF27406F6C008BBD74 /* src */,
				4495DEEC274029C600B1ABF0 /* Products */,
			);
			sourceTree = "<group>";
		};
		4495DEEC274029C600B1ABF0 /* Products */ = {
			isa = PBXGroup;
			children = (
				4495DEEB274029C600B1ABF0 /* libEngine.dylib */,
			);
			name = Products;
			sourceTree = "<group>";
		};
		44DF98BF27406F6C008BBD74 /* src */ = {
			isa = PBXGroup;
			children = (
				44DF98C4274072BD008BBD74 /* Engine */,
				44DF98C9274077E8008BBD74 /* Engine.h */,
			);
			path = src;
			sourceTree = "<group>";
		};
		44DF98C4274072BD008BBD74 /* Engine */ = {
			isa = PBXGroup;
			children = (
				447894152742D419003F4E17 /* Events */,
				44DF98C5274073A5008BBD74 /* Application.cpp */,
				44DF98C6274073A5008BBD74 /* Application.h */,
				44DF98CB27407CE1008BBD74 /* EntryPoint.h */,
				44DF98CE274087F7008BBD74 /* Log.cpp */,
				44DF98CF274087F7008BBD74 /* Log.h */,
			);
			path = Engine;
			sourceTree = "<group>";
		};
/* End PBXGroup section */

/* Begin PBXHeadersBuildPhase section */
		4495DEE7274029C600B1ABF0 /* Headers */ = {
			isa = PBXHeadersBuildPhase;
			buildActionMask = 2147483647;
			files = (
				44DF98CD27407EB8008BBD74 /* EntryPoint.h in Headers */,
				44DF98CA274077E8008BBD74 /* Engine.h in Headers */,
				447894172742D42A003F4E17 /* Event.h in Headers */,
				44DF98C8274073A5008BBD74 /* Application.h in Headers */,
				44DF98D1274087F7008BBD74 /* Log.h in Headers */,
			);
			runOnlyForDeploymentPostprocessing = 0;
		};
/* End PBXHeadersBuildPhase section */

/* Begin PBXNativeTarget section */
		4495DEEA274029C600B1ABF0 /* Engine */ = {
			isa = PBXNativeTarget;
			buildConfigurationList = 4495DEEF274029C600B1ABF0 /* Build configuration list for PBXNativeTarget "Engine" */;
			buildPhases = (
				4495DEE7274029C600B1ABF0 /* Headers */,
				4495DEE8274029C600B1ABF0 /* Sources */,
				4495DEE9274029C600B1ABF0 /* Frameworks */,
			);
			buildRules = (
			);
			dependencies = (
			);
			name = Engine;
			productName = engine;
			productReference = 4495DEEB274029C600B1ABF0 /* libEngine.dylib */;
			productType = "com.apple.product-type.library.dynamic";
		};
/* End PBXNativeTarget section */

/* Begin PBXProject section */
		4495DEE3274029C600B1ABF0 /* Project object */ = {
			isa = PBXProject;
			attributes = {
				BuildIndependentTargetsInParallel = 1;
				LastUpgradeCheck = 1300;
				TargetAttributes = {
					4495DEEA274029C600B1ABF0 = {
						CreatedOnToolsVersion = 13.0;
					};
				};
			};
			buildConfigurationList = 4495DEE6274029C600B1ABF0 /* Build configuration list for PBXProject "Engine" */;
			compatibilityVersion = "Xcode 13.0";
			developmentRegion = en;
			hasScannedForEncodings = 0;
			knownRegions = (
				en,
				Base,
			);
			mainGroup = 4495DEE2274029C600B1ABF0;
			productRefGroup = 4495DEEC274029C600B1ABF0 /* Products */;
			projectDirPath = "";
			projectRoot = "";
			targets = (
				4495DEEA274029C600B1ABF0 /* Engine */,
			);
		};
/* End PBXProject section */

/* Begin PBXSourcesBuildPhase section */
		4495DEE8274029C600B1ABF0 /* Sources */ = {
			isa = PBXSourcesBuildPhase;
			buildActionMask = 2147483647;
			files = (
				44DF98D0274087F7008BBD74 /* Log.cpp in Sources */,
				44DF98C7274073A5008BBD74 /* Application.cpp in Sources */,
			);
			runOnlyForDeploymentPostprocessing = 0;
		};
/* End PBXSourcesBuildPhase section */

/* Begin XCBuildConfiguration section */
		4495DEED274029C600B1ABF0 /* Debug */ = {
			isa = XCBuildConfiguration;
			buildSettings = {
				ALWAYS_SEARCH_USER_PATHS = NO;
				CLANG_ANALYZER_NONNULL = YES;
				CLANG_ANALYZER_NUMBER_OBJECT_CONVERSION = YES_AGGRESSIVE;
				CLANG_CXX_LANGUAGE_STANDARD = "gnu++17";
				CLANG_CXX_LIBRARY = "libc++";
				CLANG_ENABLE_MODULES = YES;
				CLANG_ENABLE_OBJC_ARC = YES;
				CLANG_ENABLE_OBJC_WEAK = YES;
				CLANG_WARN_BLOCK_CAPTURE_AUTORELEASING = YES;
				CLANG_WARN_BOOL_CONVERSION = YES;
				CLANG_WARN_COMMA = YES;
				CLANG_WARN_CONSTANT_CONVERSION = YES;
				CLANG_WARN_DEPRECATED_OBJC_IMPLEMENTATIONS = YES;
				CLANG_WARN_DIRECT_OBJC_ISA_USAGE = YES_ERROR;
				CLANG_WARN_DOCUMENTATION_COMMENTS = YES;
				CLANG_WARN_EMPTY_BODY = YES;
				CLANG_WARN_ENUM_CONVERSION = YES;
				CLANG_WARN_INFINITE_RECURSION = YES;
				CLANG_WARN_INT_CONVERSION = YES;
				CLANG_WARN_NON_LITERAL_NULL_CONVERSION = YES;
				CLANG_WARN_OBJC_IMPLICIT_RETAIN_SELF = YES;
				CLANG_WARN_OBJC_LITERAL_CONVERSION = YES;
				CLANG_WARN_OBJC_ROOT_CLASS = YES_ERROR;
				CLANG_WARN_QUOTED_INCLUDE_IN_FRAMEWORK_HEADER = YES;
				CLANG_WARN_RANGE_LOOP_ANALYSIS = YES;
				CLANG_WARN_STRICT_PROTOTYPES = YES;
				CLANG_WARN_SUSPICIOUS_MOVE = YES;
				CLANG_WARN_UNGUARDED_AVAILABILITY = YES_AGGRESSIVE;
				CLANG_WARN_UNREACHABLE_CODE = YES;
				CLANG_WARN__DUPLICATE_METHOD_MATCH = YES;
				COPY_PHASE_STRIP = NO;
				DEBUG_INFORMATION_FORMAT = dwarf;
				ENABLE_STRICT_OBJC_MSGSEND = YES;
				ENABLE_TESTABILITY = YES;
				GCC_C_LANGUAGE_STANDARD = gnu11;
				GCC_DYNAMIC_NO_PIC = NO;
				GCC_NO_COMMON_BLOCKS = YES;
				GCC_OPTIMIZATION_LEVEL = 0;
				GCC_PREPROCESSOR_DEFINITIONS = (
					"DEBUG=1",
					"$(inherited)",
				);
				GCC_WARN_64_TO_32_BIT_CONVERSION = YES;
				GCC_WARN_ABOUT_RETURN_TYPE = YES_ERROR;
				GCC_WARN_UNDECLARED_SELECTOR = YES;
				GCC_WARN_UNINITIALIZED_AUTOS = YES_AGGRESSIVE;
				GCC_WARN_UNUSED_FUNCTION = YES;
				GCC_WARN_UNUSED_VARIABLE = YES;
				MACOSX_DEPLOYMENT_TARGET = 11.3;
				MTL_ENABLE_DEBUG_INFO = INCLUDE_SOURCE;
				MTL_FAST_MATH = YES;
				ONLY_ACTIVE_ARCH = YES;
				SDKROOT = macosx;
			};
			name = Debug;
		};
		4495DEEE274029C600B1ABF0 /* Release */ = {
			isa = XCBuildConfiguration;
			buildSettings = {
				ALWAYS_SEARCH_USER_PATHS = NO;
				CLANG_ANALYZER_NONNULL = YES;
				CLANG_ANALYZER_NUMBER_OBJECT_CONVERSION = YES_AGGRESSIVE;
				CLANG_CXX_LANGUAGE_STANDARD = "gnu++17";
				CLANG_CXX_LIBRARY = "libc++";
				CLANG_ENABLE_MODULES = YES;
				CLANG_ENABLE_OBJC_ARC = YES;
				CLANG_ENABLE_OBJC_WEAK = YES;
				CLANG_WARN_BLOCK_CAPTURE_AUTORELEASING = YES;
				CLANG_WARN_BOOL_CONVERSION = YES;
				CLANG_WARN_COMMA = YES;
				CLANG_WARN_CONSTANT_CONVERSION = YES;
				CLANG_WARN_DEPRECATED_OBJC_IMPLEMENTATIONS = YES;
				CLANG_WARN_DIRECT_OBJC_ISA_USAGE = YES_ERROR;
				CLANG_WARN_DOCUMENTATION_COMMENTS = YES;
				CLANG_WARN_EMPTY_BODY = YES;
				CLANG_WARN_ENUM_CONVERSION = YES;
				CLANG_WARN_INFINITE_RECURSION = YES;
				CLANG_WARN_INT_CONVERSION = YES;
				CLANG_WARN_NON_LITERAL_NULL_CONVERSION = YES;
				CLANG_WARN_OBJC_IMPLICIT_RETAIN_SELF = YES;
				CLANG_WARN_OBJC_LITERAL_CONVERSION = YES;
				CLANG_WARN_OBJC_ROOT_CLASS = YES_ERROR;
				CLANG_WARN_QUOTED_INCLUDE_IN_FRAMEWORK_HEADER = YES;
				CLANG_WARN_RANGE_LOOP_ANALYSIS = YES;
				CLANG_WARN_STRICT_PROTOTYPES = YES;
				CLANG_WARN_SUSPICIOUS_MOVE = YES;
				CLANG_WARN_UNGUARDED_AVAILABILITY = YES_AGGRESSIVE;
				CLANG_WARN_UNREACHABLE_CODE = YES;
				CLANG_WARN__DUPLICATE_METHOD_MATCH = YES;
				COPY_PHASE_STRIP = NO;
				DEBUG_INFORMATION_FORMAT = "dwarf-with-dsym";
				ENABLE_NS_ASSERTIONS = NO;
				ENABLE_STRICT_OBJC_MSGSEND = YES;
				GCC_C_LANGUAGE_STANDARD = gnu11;
				GCC_NO_COMMON_BLOCKS = YES;
				GCC_WARN_64_TO_32_BIT_CONVERSION = YES;
				GCC_WARN_ABOUT_RETURN_TYPE = YES_ERROR;
				GCC_WARN_UNDECLARED_SELECTOR = YES;
				GCC_WARN_UNINITIALIZED_AUTOS = YES_AGGRESSIVE;
				GCC_WARN_UNUSED_FUNCTION = YES;
				GCC_WARN_UNUSED_VARIABLE = YES;
				MACOSX_DEPLOYMENT_TARGET = 11.3;
				MTL_ENABLE_DEBUG_INFO = NO;
				MTL_FAST_MATH = YES;
				SDKROOT = macosx;
			};
			name = Release;
		};
		4495DEF0274029C600B1ABF0 /* Debug */ = {
			isa = XCBuildConfiguration;
			buildSettings = {
				CODE_SIGN_STYLE = Automatic;
				DEVELOPMENT_TEAM = V7FR3M7PFZ;
				DYLIB_COMPATIBILITY_VERSION = 1;
				DYLIB_CURRENT_VERSION = 1;
				EXECUTABLE_PREFIX = lib;
				GCC_INCREASE_PRECOMPILED_HEADER_SHARING = YES;
				HEADER_SEARCH_PATHS = "vendor/spdlog/include/**";
				INSTALL_PATH = "$(BUILT_PRODUCTS_DIR)";
				PRODUCT_NAME = "$(TARGET_NAME)";
				PUBLIC_HEADERS_FOLDER_PATH = "$(TARGET_NAME)";
				SKIP_INSTALL = YES;
				USER_HEADER_SEARCH_PATHS = "vender/spdlog/include/**";
			};
			name = Debug;
		};
		4495DEF1274029C600B1ABF0 /* Release */ = {
			isa = XCBuildConfiguration;
			buildSettings = {
				CODE_SIGN_STYLE = Automatic;
				DEVELOPMENT_TEAM = V7FR3M7PFZ;
				DYLIB_COMPATIBILITY_VERSION = 1;
				DYLIB_CURRENT_VERSION = 1;
				EXECUTABLE_PREFIX = lib;
				GCC_INCREASE_PRECOMPILED_HEADER_SHARING = YES;
				HEADER_SEARCH_PATHS = "vendor/spdlog/include/**";
				INSTALL_PATH = "$(BUILT_PRODUCTS_DIR)";
				PRODUCT_NAME = "$(TARGET_NAME)";
				PUBLIC_HEADERS_FOLDER_PATH = "$(TARGET_NAME)";
				SKIP_INSTALL = YES;
				USER_HEADER_SEARCH_PATHS = "vender/spdlog/include/**";
			};
			name = Release;
		};
/* End XCBuildConfiguration section */

/* Begin XCConfigurationList section */
		4495DEE6274029C600B1ABF0 /* Build configuration list for PBXProject "Engine" */ = {
			isa = XCConfigurationList;
			buildConfigurations = (
				4495DEED274029C600B1ABF0 /* Debug */,
				4495DEEE274029C600B1ABF0 /* Release */,
			);
			defaultConfigurationIsVisible = 0;
			defaultConfigurationName = Release;
		};
		4495DEEF274029C600B1ABF0 /* Build configuration list for PBXNativeTarget "Engine" */ = {
			isa = XCConfigurationList;
			buildConfigurations = (
				4495DEF0274029C600B1ABF0 /* Debug */,
				4495DEF1274029C600B1ABF0 /* Release */,
			);
			defaultConfigurationIsVisible = 0;
			defaultConfigurationName = Release;
		};
/* End XCConfigurationList section */
	};
	rootObject = 4495DEE3274029C600B1ABF0 /* Project object */;
}
